// !$*UTF8*$!
{
	archiveVersion = 1;
	classes = {
	};
	objectVersion = 46;
	objects = {

/* Begin PBXBuildFile section */
		AE41E7A41E8D369200A79A03 /* main.m in Sources */ = {isa = PBXBuildFile; fileRef = AE41E7A31E8D369200A79A03 /* main.m */; };
		AE41E7A71E8D369200A79A03 /* AppDelegate.m in Sources */ = {isa = PBXBuildFile; fileRef = AE41E7A61E8D369200A79A03 /* AppDelegate.m */; };
		AE41E7AA1E8D369200A79A03 /* ViewController.m in Sources */ = {isa = PBXBuildFile; fileRef = AE41E7A91E8D369200A79A03 /* ViewController.m */; };
		AE41E7AD1E8D369200A79A03 /* Main.storyboard in Resources */ = {isa = PBXBuildFile; fileRef = AE41E7AB1E8D369200A79A03 /* Main.storyboard */; };
		AE41E7AF1E8D369200A79A03 /* Assets.xcassets in Resources */ = {isa = PBXBuildFile; fileRef = AE41E7AE1E8D369200A79A03 /* Assets.xcassets */; };
		AE41E7B21E8D369200A79A03 /* LaunchScreen.storyboard in Resources */ = {isa = PBXBuildFile; fileRef = AE41E7B01E8D369200A79A03 /* LaunchScreen.storyboard */; };
		AE41E7BB1E8D378300A79A03 /* CHTPlaceholderView.m in Sources */ = {isa = PBXBuildFile; fileRef = AE41E7BA1E8D378300A79A03 /* CHTPlaceholderView.m */; };
		AE41E7BE1E8D3A5700A79A03 /* UIViewController+CHTPlaceholderVIew.m in Sources */ = {isa = PBXBuildFile; fileRef = AE41E7BD1E8D3A5700A79A03 /* UIViewController+CHTPlaceholderVIew.m */; };
		AE41E7C21E8D444800A79A03 /* load_fail@2x.png in Resources */ = {isa = PBXBuildFile; fileRef = AE41E7C01E8D444800A79A03 /* load_fail@2x.png */; };
		AE41E7C31E8D444800A79A03 /* no-wifi.png in Resources */ = {isa = PBXBuildFile; fileRef = AE41E7C11E8D444800A79A03 /* no-wifi.png */; };
/* End PBXBuildFile section */

/* Begin PBXFileReference section */
		AE41E79F1E8D369200A79A03 /* CHTPlaceholderView.app */ = {isa = PBXFileReference; explicitFileType = wrapper.application; includeInIndex = 0; path = CHTPlaceholderView.app; sourceTree = BUILT_PRODUCTS_DIR; };
		AE41E7A31E8D369200A79A03 /* main.m */ = {isa = PBXFileReference; lastKnownFileType = sourcecode.c.objc; path = main.m; sourceTree = "<group>"; };
		AE41E7A51E8D369200A79A03 /* AppDelegate.h */ = {isa = PBXFileReference; lastKnownFileType = sourcecode.c.h; path = AppDelegate.h; sourceTree = "<group>"; };
		AE41E7A61E8D369200A79A03 /* AppDelegate.m */ = {isa = PBXFileReference; lastKnownFileType = sourcecode.c.objc; path = AppDelegate.m; sourceTree = "<group>"; };
		AE41E7A81E8D369200A79A03 /* ViewController.h */ = {isa = PBXFileReference; lastKnownFileType = sourcecode.c.h; path = ViewController.h; sourceTree = "<group>"; };
		AE41E7A91E8D369200A79A03 /* ViewController.m */ = {isa = PBXFileReference; lastKnownFileType = sourcecode.c.objc; path = ViewController.m; sourceTree = "<group>"; };
		AE41E7AC1E8D369200A79A03 /* Base */ = {isa = PBXFileReference; lastKnownFileType = file.storyboard; name = Base; path = Base.lproj/Main.storyboard; sourceTree = "<group>"; };
		AE41E7AE1E8D369200A79A03 /* Assets.xcassets */ = {isa = PBXFileReference; lastKnownFileType = folder.assetcatalog; path = Assets.xcassets; sourceTree = "<group>"; };
		AE41E7B11E8D369200A79A03 /* Base */ = {isa = PBXFileReference; lastKnownFileType = file.storyboard; name = Base; path = Base.lproj/LaunchScreen.storyboard; sourceTree = "<group>"; };
		AE41E7B31E8D369200A79A03 /* Info.plist */ = {isa = PBXFileReference; lastKnownFileType = text.plist.xml; path = Info.plist; sourceTree = "<group>"; };
		AE41E7B91E8D378300A79A03 /* CHTPlaceholderView.h */ = {isa = PBXFileReference; fileEncoding = 4; lastKnownFileType = sourcecode.c.h; path = CHTPlaceholderView.h; sourceTree = "<group>"; };
		AE41E7BA1E8D378300A79A03 /* CHTPlaceholderView.m */ = {isa = PBXFileReference; fileEncoding = 4; lastKnownFileType = sourcecode.c.objc; path = CHTPlaceholderView.m; sourceTree = "<group>"; };
		AE41E7BC1E8D3A5700A79A03 /* UIViewController+CHTPlaceholderVIew.h */ = {isa = PBXFileReference; fileEncoding = 4; lastKnownFileType = sourcecode.c.h; path = "UIViewController+CHTPlaceholderVIew.h"; sourceTree = "<group>"; };
		AE41E7BD1E8D3A5700A79A03 /* UIViewController+CHTPlaceholderVIew.m */ = {isa = PBXFileReference; fileEncoding = 4; lastKnownFileType = sourcecode.c.objc; path = "UIViewController+CHTPlaceholderVIew.m"; sourceTree = "<group>"; };
		AE41E7C01E8D444800A79A03 /* load_fail@2x.png */ = {isa = PBXFileReference; lastKnownFileType = image.png; path = "load_fail@2x.png"; sourceTree = "<group>"; };
		AE41E7C11E8D444800A79A03 /* no-wifi.png */ = {isa = PBXFileReference; lastKnownFileType = image.png; path = "no-wifi.png"; sourceTree = "<group>"; };
/* End PBXFileReference section */

/* Begin PBXFrameworksBuildPhase section */
		AE41E79C1E8D369200A79A03 /* Frameworks */ = {
			isa = PBXFrameworksBuildPhase;
			buildActionMask = 2147483647;
			files = (
			);
			runOnlyForDeploymentPostprocessing = 0;
		};
/* End PBXFrameworksBuildPhase section */

/* Begin PBXGroup section */
		AE41E7961E8D369200A79A03 = {
			isa = PBXGroup;
			children = (
				AE41E7A11E8D369200A79A03 /* CHTPlaceholderView */,
				AE41E7A01E8D369200A79A03 /* Products */,
			);
			sourceTree = "<group>";
		};
		AE41E7A01E8D369200A79A03 /* Products */ = {
			isa = PBXGroup;
			children = (
				AE41E79F1E8D369200A79A03 /* CHTPlaceholderView.app */,
			);
			name = Products;
			sourceTree = "<group>";
		};
		AE41E7A11E8D369200A79A03 /* CHTPlaceholderView */ = {
			isa = PBXGroup;
			children = (
				AE41E7BF1E8D444800A79A03 /* Resource */,
				AE41E7A51E8D369200A79A03 /* AppDelegate.h */,
				AE41E7A61E8D369200A79A03 /* AppDelegate.m */,
				AE41E7A81E8D369200A79A03 /* ViewController.h */,
				AE41E7A91E8D369200A79A03 /* ViewController.m */,
				AE41E7AB1E8D369200A79A03 /* Main.storyboard */,
				AE41E7AE1E8D369200A79A03 /* Assets.xcassets */,
				AE41E7B01E8D369200A79A03 /* LaunchScreen.storyboard */,
				AE41E7B31E8D369200A79A03 /* Info.plist */,
				AE41E7A21E8D369200A79A03 /* Supporting Files */,
				AE41E7B91E8D378300A79A03 /* CHTPlaceholderView.h */,
				AE41E7BA1E8D378300A79A03 /* CHTPlaceholderView.m */,
				AE41E7BC1E8D3A5700A79A03 /* UIViewController+CHTPlaceholderVIew.h */,
				AE41E7BD1E8D3A5700A79A03 /* UIViewController+CHTPlaceholderVIew.m */,
			);
			path = CHTPlaceholderView;
			sourceTree = "<group>";
		};
		AE41E7A21E8D369200A79A03 /* Supporting Files */ = {
			isa = PBXGroup;
			children = (
				AE41E7A31E8D369200A79A03 /* main.m */,
			);
			name = "Supporting Files";
			sourceTree = "<group>";
		};
		AE41E7BF1E8D444800A79A03 /* Resource */ = {
			isa = PBXGroup;
			children = (
				AE41E7C01E8D444800A79A03 /* load_fail@2x.png */,
				AE41E7C11E8D444800A79A03 /* no-wifi.png */,
			);
			path = Resource;
			sourceTree = "<group>";
		};
/* End PBXGroup section */

/* Begin PBXNativeTarget section */
		AE41E79E1E8D369200A79A03 /* CHTPlaceholderView */ = {
			isa = PBXNativeTarget;
			buildConfigurationList = AE41E7B61E8D369200A79A03 /* Build configuration list for PBXNativeTarget "CHTPlaceholderView" */;
			buildPhases = (
				AE41E79B1E8D369200A79A03 /* Sources */,
				AE41E79C1E8D369200A79A03 /* Frameworks */,
				AE41E79D1E8D369200A79A03 /* Resources */,
			);
			buildRules = (
			);
			dependencies = (
			);
			name = CHTPlaceholderView;
			productName = CHTPlaceholderView;
			productReference = AE41E79F1E8D369200A79A03 /* CHTPlaceholderView.app */;
			productType = "com.apple.product-type.application";
		};
/* End PBXNativeTarget section */

/* Begin PBXProject section */
		AE41E7971E8D369200A79A03 /* Project object */ = {
			isa = PBXProject;
			attributes = {
				LastUpgradeCheck = 0800;
				ORGANIZATIONNAME = "Roy Chan";
				TargetAttributes = {
					AE41E79E1E8D369200A79A03 = {
						CreatedOnToolsVersion = 8.0;
						ProvisioningStyle = Automatic;
					};
				};
			};
			buildConfigurationList = AE41E79A1E8D369200A79A03 /* Build configuration list for PBXProject "CHTPlaceholderView" */;
			compatibilityVersion = "Xcode 3.2";
			developmentRegion = English;
			hasScannedForEncodings = 0;
			knownRegions = (
				en,
				Base,
			);
			mainGroup = AE41E7961E8D369200A79A03;
			productRefGroup = AE41E7A01E8D369200A79A03 /* Products */;
			projectDirPath = "";
			projectRoot = "";
			targets = (
				AE41E79E1E8D369200A79A03 /* CHTPlaceholderView */,
			);
		};
/* End PBXProject section */

/* Begin PBXResourcesBuildPhase section */
		AE41E79D1E8D369200A79A03 /* Resources */ = {
			isa = PBXResourcesBuildPhase;
			buildActionMask = 2147483647;
			files = (
				AE41E7C21E8D444800A79A03 /* load_fail@2x.png in Resources */,
				AE41E7B21E8D369200A79A03 /* LaunchScreen.storyboard in Resources */,
				AE41E7C31E8D444800A79A03 /* no-wifi.png in Resources */,
				AE41E7AF1E8D369200A79A03 /* Assets.xcassets in Resources */,
				AE41E7AD1E8D369200A79A03 /* Main.storyboard in Resources */,
			);
			runOnlyForDeploymentPostprocessing = 0;
		};
/* End PBXResourcesBuildPhase section */

/* Begin PBXSourcesBuildPhase section */
		AE41E79B1E8D369200A79A03 /* Sources */ = {
			isa = PBXSourcesBuildPhase;
			buildActionMask = 2147483647;
			files = (
				AE41E7BB1E8D378300A79A03 /* CHTPlaceholderView.m in Sources */,
				AE41E7AA1E8D369200A79A03 /* ViewController.m in Sources */,
				AE41E7A71E8D369200A79A03 /* AppDelegate.m in Sources */,
				AE41E7A41E8D369200A79A03 /* main.m in Sources */,
				AE41E7BE1E8D3A5700A79A03 /* UIViewController+CHTPlaceholderVIew.m in Sources */,
			);
			runOnlyForDeploymentPostprocessing = 0;
		};
/* End PBXSourcesBuildPhase section */

/* Begin PBXVariantGroup section */
		AE41E7AB1E8D369200A79A03 /* Main.storyboard */ = {
			isa = PBXVariantGroup;
			children = (
				AE41E7AC1E8D369200A79A03 /* Base */,
			);
			name = Main.storyboard;
			sourceTree = "<group>";
		};
		AE41E7B01E8D369200A79A03 /* LaunchScreen.storyboard */ = {
			isa = PBXVariantGroup;
			children = (
				AE41E7B11E8D369200A79A03 /* Base */,
			);
			name = LaunchScreen.storyboard;
			sourceTree = "<group>";
		};
/* End PBXVariantGroup section */

/* Begin XCBuildConfiguration section */
		AE41E7B41E8D369200A79A03 /* Debug */ = {
			isa = XCBuildConfiguration;
			buildSettings = {
				ALWAYS_SEARCH_USER_PATHS = NO;
				CLANG_ANALYZER_NONNULL = YES;
				CLANG_CXX_LANGUAGE_STANDARD = "gnu++0x";
				CLANG_CXX_LIBRARY = "libc++";
				CLANG_ENABLE_MODULES = YES;
				CLANG_ENABLE_OBJC_ARC = YES;
				CLANG_WARN_BOOL_CONVERSION = YES;
				CLANG_WARN_CONSTANT_CONVERSION = YES;
				CLANG_WARN_DIRECT_OBJC_ISA_USAGE = YES_ERROR;
				CLANG_WARN_DOCUMENTATION_COMMENTS = YES;
				CLANG_WARN_EMPTY_BODY = YES;
				CLANG_WARN_ENUM_CONVERSION = YES;
				CLANG_WARN_INFINITE_RECURSION = YES;
				CLANG_WARN_INT_CONVERSION = YES;
				CLANG_WARN_OBJC_ROOT_CLASS = YES_ERROR;
				CLANG_WARN_SUSPICIOUS_MOVES = YES;
				CLANG_WARN_UNREACHABLE_CODE = YES;
				CLANG_WARN__DUPLICATE_METHOD_MATCH = YES;
				"CODE_SIGN_IDENTITY[sdk=iphoneos*]" = "iPhone Developer";
				COPY_PHASE_STRIP = NO;
				DEBUG_INFORMATION_FORMAT = dwarf;
				ENABLE_STRICT_OBJC_MSGSEND = YES;
				ENABLE_TESTABILITY = YES;
				GCC_C_LANGUAGE_STANDARD = gnu99;
				GCC_DYNAMIC_NO_PIC = NO;
				GCC_NO_COMMON_BLOCKS = YES;
				GCC_OPTIMIZATION_LEVEL = 0;
				GCC_PREPROCESSOR_DEFINITIONS = (
					"DEBUG=1",
					"$(inherited)",
				);
				GCC_WARN_64_TO_32_BIT_CONVERSION = YES;
				GCC_WARN_ABOUT_RETURN_TYPE = YES_ERROR;
				GCC_WARN_UNDECLARED_SELECTOR = YES;
				GCC_WARN_UNINITIALIZED_AUTOS = YES_AGGRESSIVE;
				GCC_WARN_UNUSED_FUNCTION = YES;
				GCC_WARN_UNUSED_VARIABLE = YES;
				IPHONEOS_DEPLOYMENT_TARGET = 10.0;
				MTL_ENABLE_DEBUG_INFO = YES;
				ONLY_ACTIVE_ARCH = YES;
				SDKROOT = iphoneos;
			};
			name = Debug;
		};
		AE41E7B51E8D369200A79A03 /* Release */ = {
			isa = XCBuildConfiguration;
			buildSettings = {
				ALWAYS_SEARCH_USER_PATHS = NO;
				CLANG_ANALYZER_NONNULL = YES;
				CLANG_CXX_LANGUAGE_STANDARD = "gnu++0x";
				CLANG_CXX_LIBRARY = "libc++";
				CLANG_ENABLE_MODULES = YES;
				CLANG_ENABLE_OBJC_ARC = YES;
				CLANG_WARN_BOOL_CONVERSION = YES;
				CLANG_WARN_CONSTANT_CONVERSION = YES;
				CLANG_WARN_DIRECT_OBJC_ISA_USAGE = YES_ERROR;
				CLANG_WARN_DOCUMENTATION_COMMENTS = YES;
				CLANG_WARN_EMPTY_BODY = YES;
				CLANG_WARN_ENUM_CONVERSION = YES;
				CLANG_WARN_INFINITE_RECURSION = YES;
				CLANG_WARN_INT_CONVERSION = YES;
				CLANG_WARN_OBJC_ROOT_CLASS = YES_ERROR;
				CLANG_WARN_SUSPICIOUS_MOVES = YES;
				CLANG_WARN_UNREACHABLE_CODE = YES;
				CLANG_WARN__DUPLICATE_METHOD_MATCH = YES;
				"CODE_SIGN_IDENTITY[sdk=iphoneos*]" = "iPhone Developer";
				COPY_PHASE_STRIP = NO;
				DEBUG_INFORMATION_FORMAT = "dwarf-with-dsym";
				ENABLE_NS_ASSERTIONS = NO;
				ENABLE_STRICT_OBJC_MSGSEND = YES;
				GCC_C_LANGUAGE_STANDARD = gnu99;
				GCC_NO_COMMON_BLOCKS = YES;
				GCC_WARN_64_TO_32_BIT_CONVERSION = YES;
				GCC_WARN_ABOUT_RETURN_TYPE = YES_ERROR;
				GCC_WARN_UNDECLARED_SELECTOR = YES;
				GCC_WARN_UNINITIALIZED_AUTOS = YES_AGGRESSIVE;
				GCC_WARN_UNUSED_FUNCTION = YES;
				GCC_WARN_UNUSED_VARIABLE = YES;
				IPHONEOS_DEPLOYMENT_TARGET = 10.0;
				MTL_ENABLE_DEBUG_INFO = NO;
				SDKROOT = iphoneos;
				VALIDATE_PRODUCT = YES;
			};
			name = Release;
		};
		AE41E7B71E8D369200A79A03 /* Debug */ = {
			isa = XCBuildConfiguration;
			buildSettings = {
				ASSETCATALOG_COMPILER_APPICON_NAME = AppIcon;
				INFOPLIST_FILE = CHTPlaceholderView/Info.plist;
				LD_RUNPATH_SEARCH_PATHS = "$(inherited) @executable_path/Frameworks";
				PRODUCT_BUNDLE_IDENTIFIER = cht.CHTPlaceholderView;
				PRODUCT_NAME = "$(TARGET_NAME)";
			};
			name = Debug;
		};
		AE41E7B81E8D369200A79A03 /* Release */ = {
			isa = XCBuildConfiguration;
			buildSettings = {
				ASSETCATALOG_COMPILER_APPICON_NAME = AppIcon;
				INFOPLIST_FILE = CHTPlaceholderView/Info.plist;
				LD_RUNPATH_SEARCH_PATHS = "$(inherited) @executable_path/Frameworks";
				PRODUCT_BUNDLE_IDENTIFIER = cht.CHTPlaceholderView;
				PRODUCT_NAME = "$(TARGET_NAME)";
			};
			name = Release;
		};
/* End XCBuildConfiguration section */

/* Begin XCConfigurationList section */
		AE41E79A1E8D369200A79A03 /* Build configuration list for PBXProject "CHTPlaceholderView" */ = {
			isa = XCConfigurationList;
			buildConfigurations = (
				AE41E7B41E8D369200A79A03 /* Debug */,
				AE41E7B51E8D369200A79A03 /* Release */,
			);
			defaultConfigurationIsVisible = 0;
			defaultConfigurationName = Release;
		};
		AE41E7B61E8D369200A79A03 /* Build configuration list for PBXNativeTarget "CHTPlaceholderView" */ = {
			isa = XCConfigurationList;
			buildConfigurations = (
				AE41E7B71E8D369200A79A03 /* Debug */,
				AE41E7B81E8D369200A79A03 /* Release */,
			);
			defaultConfigurationIsVisible = 0;
		};
/* End XCConfigurationList section */
	};
	rootObject = AE41E7971E8D369200A79A03 /* Project object */;
}
