// !$*UTF8*$!
{
	archiveVersion = 1;
	classes = {
	};
	objectVersion = 46;
	objects = {

/* Begin PBXBuildFile section */
		AEACD0551E8F8EBC001B339D /* main.m in Sources */ = {isa = PBXBuildFile; fileRef = AEACD0541E8F8EBC001B339D /* main.m */; };
		AEACD0581E8F8EBC001B339D /* AppDelegate.m in Sources */ = {isa = PBXBuildFile; fileRef = AEACD0571E8F8EBC001B339D /* AppDelegate.m */; };
		AEACD05E1E8F8EBC001B339D /* Main.storyboard in Resources */ = {isa = PBXBuildFile; fileRef = AEACD05C1E8F8EBC001B339D /* Main.storyboard */; };
		AEACD0601E8F8EBC001B339D /* Assets.xcassets in Resources */ = {isa = PBXBuildFile; fileRef = AEACD05F1E8F8EBC001B339D /* Assets.xcassets */; };
		AEACD0631E8F8EBC001B339D /* LaunchScreen.storyboard in Resources */ = {isa = PBXBuildFile; fileRef = AEACD0611E8F8EBC001B339D /* LaunchScreen.storyboard */; };
		AEACD06C1E8F8EDD001B339D /* CHTTableViewController.m in Sources */ = {isa = PBXBuildFile; fileRef = AEACD06B1E8F8EDD001B339D /* CHTTableViewController.m */; };
		AEACD0721E8F8FBA001B339D /* CHTPlaceholderView.m in Sources */ = {isa = PBXBuildFile; fileRef = AEACD06F1E8F8FBA001B339D /* CHTPlaceholderView.m */; };
		AEACD0731E8F8FBA001B339D /* UIViewController+CHTPlaceholderView.m in Sources */ = {isa = PBXBuildFile; fileRef = AEACD0711E8F8FBA001B339D /* UIViewController+CHTPlaceholderView.m */; };
		AEACD0771E8F902D001B339D /* load_fail@2x.png in Resources */ = {isa = PBXBuildFile; fileRef = AEACD0751E8F902D001B339D /* load_fail@2x.png */; };
		AEACD0781E8F902D001B339D /* no-wifi.png in Resources */ = {isa = PBXBuildFile; fileRef = AEACD0761E8F902D001B339D /* no-wifi.png */; };
/* End PBXBuildFile section */

/* Begin PBXFileReference section */
		AEACD0501E8F8EBC001B339D /* CHTPlaceholderViewDemo.app */ = {isa = PBXFileReference; explicitFileType = wrapper.application; includeInIndex = 0; path = CHTPlaceholderViewDemo.app; sourceTree = BUILT_PRODUCTS_DIR; };
		AEACD0541E8F8EBC001B339D /* main.m */ = {isa = PBXFileReference; lastKnownFileType = sourcecode.c.objc; path = main.m; sourceTree = "<group>"; };
		AEACD0561E8F8EBC001B339D /* AppDelegate.h */ = {isa = PBXFileReference; lastKnownFileType = sourcecode.c.h; path = AppDelegate.h; sourceTree = "<group>"; };
		AEACD0571E8F8EBC001B339D /* AppDelegate.m */ = {isa = PBXFileReference; lastKnownFileType = sourcecode.c.objc; path = AppDelegate.m; sourceTree = "<group>"; };
		AEACD05D1E8F8EBC001B339D /* Base */ = {isa = PBXFileReference; lastKnownFileType = file.storyboard; name = Base; path = Base.lproj/Main.storyboard; sourceTree = "<group>"; };
		AEACD05F1E8F8EBC001B339D /* Assets.xcassets */ = {isa = PBXFileReference; lastKnownFileType = folder.assetcatalog; path = Assets.xcassets; sourceTree = "<group>"; };
		AEACD0621E8F8EBC001B339D /* Base */ = {isa = PBXFileReference; lastKnownFileType = file.storyboard; name = Base; path = Base.lproj/LaunchScreen.storyboard; sourceTree = "<group>"; };
		AEACD0641E8F8EBC001B339D /* Info.plist */ = {isa = PBXFileReference; lastKnownFileType = text.plist.xml; path = Info.plist; sourceTree = "<group>"; };
		AEACD06A1E8F8EDD001B339D /* CHTTableViewController.h */ = {isa = PBXFileReference; fileEncoding = 4; lastKnownFileType = sourcecode.c.h; path = CHTTableViewController.h; sourceTree = "<group>"; };
		AEACD06B1E8F8EDD001B339D /* CHTTableViewController.m */ = {isa = PBXFileReference; fileEncoding = 4; lastKnownFileType = sourcecode.c.objc; path = CHTTableViewController.m; sourceTree = "<group>"; };
		AEACD06E1E8F8FBA001B339D /* CHTPlaceholderView.h */ = {isa = PBXFileReference; fileEncoding = 4; lastKnownFileType = sourcecode.c.h; path = CHTPlaceholderView.h; sourceTree = "<group>"; };
		AEACD06F1E8F8FBA001B339D /* CHTPlaceholderView.m */ = {isa = PBXFileReference; fileEncoding = 4; lastKnownFileType = sourcecode.c.objc; path = CHTPlaceholderView.m; sourceTree = "<group>"; };
		AEACD0701E8F8FBA001B339D /* UIViewController+CHTPlaceholderView.h */ = {isa = PBXFileReference; fileEncoding = 4; lastKnownFileType = sourcecode.c.h; path = "UIViewController+CHTPlaceholderView.h"; sourceTree = "<group>"; };
		AEACD0711E8F8FBA001B339D /* UIViewController+CHTPlaceholderView.m */ = {isa = PBXFileReference; fileEncoding = 4; lastKnownFileType = sourcecode.c.objc; path = "UIViewController+CHTPlaceholderView.m"; sourceTree = "<group>"; };
		AEACD0751E8F902D001B339D /* load_fail@2x.png */ = {isa = PBXFileReference; lastKnownFileType = image.png; path = "load_fail@2x.png"; sourceTree = "<group>"; };
		AEACD0761E8F902D001B339D /* no-wifi.png */ = {isa = PBXFileReference; lastKnownFileType = image.png; path = "no-wifi.png"; sourceTree = "<group>"; };
/* End PBXFileReference section */

/* Begin PBXFrameworksBuildPhase section */
		AEACD04D1E8F8EBC001B339D /* Frameworks */ = {
			isa = PBXFrameworksBuildPhase;
			buildActionMask = 2147483647;
			files = (
			);
			runOnlyForDeploymentPostprocessing = 0;
		};
/* End PBXFrameworksBuildPhase section */

/* Begin PBXGroup section */
		AEACD0471E8F8EBB001B339D = {
			isa = PBXGroup;
			children = (
				AEACD0521E8F8EBC001B339D /* CHTPlaceholderViewDemo */,
				AEACD0511E8F8EBC001B339D /* Products */,
			);
			sourceTree = "<group>";
		};
		AEACD0511E8F8EBC001B339D /* Products */ = {
			isa = PBXGroup;
			children = (
				AEACD0501E8F8EBC001B339D /* CHTPlaceholderViewDemo.app */,
			);
			name = Products;
			sourceTree = "<group>";
		};
		AEACD0521E8F8EBC001B339D /* CHTPlaceholderViewDemo */ = {
			isa = PBXGroup;
			children = (
				AEACD0741E8F902D001B339D /* Resource */,
				AEACD06D1E8F8FBA001B339D /* CHTPlaceholderView */,
				AEACD0561E8F8EBC001B339D /* AppDelegate.h */,
				AEACD0571E8F8EBC001B339D /* AppDelegate.m */,
				AEACD06A1E8F8EDD001B339D /* CHTTableViewController.h */,
				AEACD06B1E8F8EDD001B339D /* CHTTableViewController.m */,
				AEACD05C1E8F8EBC001B339D /* Main.storyboard */,
				AEACD05F1E8F8EBC001B339D /* Assets.xcassets */,
				AEACD0611E8F8EBC001B339D /* LaunchScreen.storyboard */,
				AEACD0641E8F8EBC001B339D /* Info.plist */,
				AEACD0531E8F8EBC001B339D /* Supporting Files */,
			);
			path = CHTPlaceholderViewDemo;
			sourceTree = "<group>";
		};
		AEACD0531E8F8EBC001B339D /* Supporting Files */ = {
			isa = PBXGroup;
			children = (
				AEACD0541E8F8EBC001B339D /* main.m */,
			);
			name = "Supporting Files";
			sourceTree = "<group>";
		};
		AEACD06D1E8F8FBA001B339D /* CHTPlaceholderView */ = {
			isa = PBXGroup;
			children = (
				AEACD06E1E8F8FBA001B339D /* CHTPlaceholderView.h */,
				AEACD06F1E8F8FBA001B339D /* CHTPlaceholderView.m */,
				AEACD0701E8F8FBA001B339D /* UIViewController+CHTPlaceholderView.h */,
				AEACD0711E8F8FBA001B339D /* UIViewController+CHTPlaceholderView.m */,
			);
			name = CHTPlaceholderView;
			path = ../../CHTPlaceholderView;
			sourceTree = "<group>";
		};
		AEACD0741E8F902D001B339D /* Resource */ = {
			isa = PBXGroup;
			children = (
				AEACD0751E8F902D001B339D /* load_fail@2x.png */,
				AEACD0761E8F902D001B339D /* no-wifi.png */,
			);
			path = Resource;
			sourceTree = "<group>";
		};
/* End PBXGroup section */

/* Begin PBXNativeTarget section */
		AEACD04F1E8F8EBC001B339D /* CHTPlaceholderViewDemo */ = {
			isa = PBXNativeTarget;
			buildConfigurationList = AEACD0671E8F8EBC001B339D /* Build configuration list for PBXNativeTarget "CHTPlaceholderViewDemo" */;
			buildPhases = (
				AEACD04C1E8F8EBC001B339D /* Sources */,
				AEACD04D1E8F8EBC001B339D /* Frameworks */,
				AEACD04E1E8F8EBC001B339D /* Resources */,
			);
			buildRules = (
			);
			dependencies = (
			);
			name = CHTPlaceholderViewDemo;
			productName = CHTPlaceholderViewDemo;
			productReference = AEACD0501E8F8EBC001B339D /* CHTPlaceholderViewDemo.app */;
			productType = "com.apple.product-type.application";
		};
/* End PBXNativeTarget section */

/* Begin PBXProject section */
		AEACD0481E8F8EBB001B339D /* Project object */ = {
			isa = PBXProject;
			attributes = {
				LastUpgradeCheck = 0830;
				ORGANIZATIONNAME = cht;
				TargetAttributes = {
					AEACD04F1E8F8EBC001B339D = {
						CreatedOnToolsVersion = 8.3;
						DevelopmentTeam = FFC2UUU5W6;
						ProvisioningStyle = Automatic;
					};
				};
			};
			buildConfigurationList = AEACD04B1E8F8EBB001B339D /* Build configuration list for PBXProject "CHTPlaceholderViewDemo" */;
			compatibilityVersion = "Xcode 3.2";
			developmentRegion = English;
			hasScannedForEncodings = 0;
			knownRegions = (
				en,
				Base,
			);
			mainGroup = AEACD0471E8F8EBB001B339D;
			productRefGroup = AEACD0511E8F8EBC001B339D /* Products */;
			projectDirPath = "";
			projectRoot = "";
			targets = (
				AEACD04F1E8F8EBC001B339D /* CHTPlaceholderViewDemo */,
			);
		};
/* End PBXProject section */

/* Begin PBXResourcesBuildPhase section */
		AEACD04E1E8F8EBC001B339D /* Resources */ = {
			isa = PBXResourcesBuildPhase;
			buildActionMask = 2147483647;
			files = (
				AEACD0771E8F902D001B339D /* load_fail@2x.png in Resources */,
				AEACD0631E8F8EBC001B339D /* LaunchScreen.storyboard in Resources */,
				AEACD0781E8F902D001B339D /* no-wifi.png in Resources */,
				AEACD0601E8F8EBC001B339D /* Assets.xcassets in Resources */,
				AEACD05E1E8F8EBC001B339D /* Main.storyboard in Resources */,
			);
			runOnlyForDeploymentPostprocessing = 0;
		};
/* End PBXResourcesBuildPhase section */

/* Begin PBXSourcesBuildPhase section */
		AEACD04C1E8F8EBC001B339D /* Sources */ = {
			isa = PBXSourcesBuildPhase;
			buildActionMask = 2147483647;
			files = (
				AEACD0731E8F8FBA001B339D /* UIViewController+CHTPlaceholderView.m in Sources */,
				AEACD0721E8F8FBA001B339D /* CHTPlaceholderView.m in Sources */,
				AEACD06C1E8F8EDD001B339D /* CHTTableViewController.m in Sources */,
				AEACD0581E8F8EBC001B339D /* AppDelegate.m in Sources */,
				AEACD0551E8F8EBC001B339D /* main.m in Sources */,
			);
			runOnlyForDeploymentPostprocessing = 0;
		};
/* End PBXSourcesBuildPhase section */

/* Begin PBXVariantGroup section */
		AEACD05C1E8F8EBC001B339D /* Main.storyboard */ = {
			isa = PBXVariantGroup;
			children = (
				AEACD05D1E8F8EBC001B339D /* Base */,
			);
			name = Main.storyboard;
			sourceTree = "<group>";
		};
		AEACD0611E8F8EBC001B339D /* LaunchScreen.storyboard */ = {
			isa = PBXVariantGroup;
			children = (
				AEACD0621E8F8EBC001B339D /* Base */,
			);
			name = LaunchScreen.storyboard;
			sourceTree = "<group>";
		};
/* End PBXVariantGroup section */

/* Begin XCBuildConfiguration section */
		AEACD0651E8F8EBC001B339D /* Debug */ = {
			isa = XCBuildConfiguration;
			buildSettings = {
				ALWAYS_SEARCH_USER_PATHS = NO;
				CLANG_ANALYZER_NONNULL = YES;
				CLANG_ANALYZER_NUMBER_OBJECT_CONVERSION = YES_AGGRESSIVE;
				CLANG_CXX_LANGUAGE_STANDARD = "gnu++0x";
				CLANG_CXX_LIBRARY = "libc++";
				CLANG_ENABLE_MODULES = YES;
				CLANG_ENABLE_OBJC_ARC = YES;
				CLANG_WARN_BOOL_CONVERSION = YES;
				CLANG_WARN_CONSTANT_CONVERSION = YES;
				CLANG_WARN_DIRECT_OBJC_ISA_USAGE = YES_ERROR;
				CLANG_WARN_DOCUMENTATION_COMMENTS = YES;
				CLANG_WARN_EMPTY_BODY = YES;
				CLANG_WARN_ENUM_CONVERSION = YES;
				CLANG_WARN_INFINITE_RECURSION = YES;
				CLANG_WARN_INT_CONVERSION = YES;
				CLANG_WARN_OBJC_ROOT_CLASS = YES_ERROR;
				CLANG_WARN_SUSPICIOUS_MOVE = YES;
				CLANG_WARN_UNREACHABLE_CODE = YES;
				CLANG_WARN__DUPLICATE_METHOD_MATCH = YES;
				"CODE_SIGN_IDENTITY[sdk=iphoneos*]" = "iPhone Developer";
				COPY_PHASE_STRIP = NO;
				DEBUG_INFORMATION_FORMAT = dwarf;
				ENABLE_STRICT_OBJC_MSGSEND = YES;
				ENABLE_TESTABILITY = YES;
				GCC_C_LANGUAGE_STANDARD = gnu99;
				GCC_DYNAMIC_NO_PIC = NO;
				GCC_NO_COMMON_BLOCKS = YES;
				GCC_OPTIMIZATION_LEVEL = 0;
				GCC_PREPROCESSOR_DEFINITIONS = (
					"DEBUG=1",
					"$(inherited)",
				);
				GCC_WARN_64_TO_32_BIT_CONVERSION = YES;
				GCC_WARN_ABOUT_RETURN_TYPE = YES_ERROR;
				GCC_WARN_UNDECLARED_SELECTOR = YES;
				GCC_WARN_UNINITIALIZED_AUTOS = YES_AGGRESSIVE;
				GCC_WARN_UNUSED_FUNCTION = YES;
				GCC_WARN_UNUSED_VARIABLE = YES;
				IPHONEOS_DEPLOYMENT_TARGET = 10.3;
				MTL_ENABLE_DEBUG_INFO = YES;
				ONLY_ACTIVE_ARCH = YES;
				SDKROOT = iphoneos;
			};
			name = Debug;
		};
		AEACD0661E8F8EBC001B339D /* Release */ = {
			isa = XCBuildConfiguration;
			buildSettings = {
				ALWAYS_SEARCH_USER_PATHS = NO;
				CLANG_ANALYZER_NONNULL = YES;
				CLANG_ANALYZER_NUMBER_OBJECT_CONVERSION = YES_AGGRESSIVE;
				CLANG_CXX_LANGUAGE_STANDARD = "gnu++0x";
				CLANG_CXX_LIBRARY = "libc++";
				CLANG_ENABLE_MODULES = YES;
				CLANG_ENABLE_OBJC_ARC = YES;
				CLANG_WARN_BOOL_CONVERSION = YES;
				CLANG_WARN_CONSTANT_CONVERSION = YES;
				CLANG_WARN_DIRECT_OBJC_ISA_USAGE = YES_ERROR;
				CLANG_WARN_DOCUMENTATION_COMMENTS = YES;
				CLANG_WARN_EMPTY_BODY = YES;
				CLANG_WARN_ENUM_CONVERSION = YES;
				CLANG_WARN_INFINITE_RECURSION = YES;
				CLANG_WARN_INT_CONVERSION = YES;
				CLANG_WARN_OBJC_ROOT_CLASS = YES_ERROR;
				CLANG_WARN_SUSPICIOUS_MOVE = YES;
				CLANG_WARN_UNREACHABLE_CODE = YES;
				CLANG_WARN__DUPLICATE_METHOD_MATCH = YES;
				"CODE_SIGN_IDENTITY[sdk=iphoneos*]" = "iPhone Developer";
				COPY_PHASE_STRIP = NO;
				DEBUG_INFORMATION_FORMAT = "dwarf-with-dsym";
				ENABLE_NS_ASSERTIONS = NO;
				ENABLE_STRICT_OBJC_MSGSEND = YES;
				GCC_C_LANGUAGE_STANDARD = gnu99;
				GCC_NO_COMMON_BLOCKS = YES;
				GCC_WARN_64_TO_32_BIT_CONVERSION = YES;
				GCC_WARN_ABOUT_RETURN_TYPE = YES_ERROR;
				GCC_WARN_UNDECLARED_SELECTOR = YES;
				GCC_WARN_UNINITIALIZED_AUTOS = YES_AGGRESSIVE;
				GCC_WARN_UNUSED_FUNCTION = YES;
				GCC_WARN_UNUSED_VARIABLE = YES;
				IPHONEOS_DEPLOYMENT_TARGET = 10.3;
				MTL_ENABLE_DEBUG_INFO = NO;
				SDKROOT = iphoneos;
				VALIDATE_PRODUCT = YES;
			};
			name = Release;
		};
		AEACD0681E8F8EBC001B339D /* Debug */ = {
			isa = XCBuildConfiguration;
			buildSettings = {
				ASSETCATALOG_COMPILER_APPICON_NAME = AppIcon;
				DEVELOPMENT_TEAM = FFC2UUU5W6;
				INFOPLIST_FILE = CHTPlaceholderViewDemo/Info.plist;
				IPHONEOS_DEPLOYMENT_TARGET = 8.0;
				LD_RUNPATH_SEARCH_PATHS = "$(inherited) @executable_path/Frameworks";
				PRODUCT_BUNDLE_IDENTIFIER = CHT.CHTPlaceholderViewDemo;
				PRODUCT_NAME = "$(TARGET_NAME)";
			};
			name = Debug;
		};
		AEACD0691E8F8EBC001B339D /* Release */ = {
			isa = XCBuildConfiguration;
			buildSettings = {
				ASSETCATALOG_COMPILER_APPICON_NAME = AppIcon;
				DEVELOPMENT_TEAM = FFC2UUU5W6;
				INFOPLIST_FILE = CHTPlaceholderViewDemo/Info.plist;
				IPHONEOS_DEPLOYMENT_TARGET = 8.0;
				LD_RUNPATH_SEARCH_PATHS = "$(inherited) @executable_path/Frameworks";
				PRODUCT_BUNDLE_IDENTIFIER = CHT.CHTPlaceholderViewDemo;
				PRODUCT_NAME = "$(TARGET_NAME)";
			};
			name = Release;
		};
/* End XCBuildConfiguration section */

/* Begin XCConfigurationList section */
		AEACD04B1E8F8EBB001B339D /* Build configuration list for PBXProject "CHTPlaceholderViewDemo" */ = {
			isa = XCConfigurationList;
			buildConfigurations = (
				AEACD0651E8F8EBC001B339D /* Debug */,
				AEACD0661E8F8EBC001B339D /* Release */,
			);
			defaultConfigurationIsVisible = 0;
			defaultConfigurationName = Release;
		};
		AEACD0671E8F8EBC001B339D /* Build configuration list for PBXNativeTarget "CHTPlaceholderViewDemo" */ = {
			isa = XCConfigurationList;
			buildConfigurations = (
				AEACD0681E8F8EBC001B339D /* Debug */,
				AEACD0691E8F8EBC001B339D /* Release */,
			);
			defaultConfigurationIsVisible = 0;
			defaultConfigurationName = Release;
		};
/* End XCConfigurationList section */
	};
	rootObject = AEACD0481E8F8EBB001B339D /* Project object */;
}
